// !$*UTF8*$!
{
	archiveVersion = 1;
	classes = {
	};
	objectVersion = 50;
	objects = {

/* Begin PBXBuildFile section */
		A74D119226716B17007990D0 /* CoreDataExampleSwiftUIApp.swift in Sources */ = {isa = PBXBuildFile; fileRef = A74D119126716B17007990D0 /* CoreDataExampleSwiftUIApp.swift */; };
		A74D119426716B17007990D0 /* ContentView.swift in Sources */ = {isa = PBXBuildFile; fileRef = A74D119326716B17007990D0 /* ContentView.swift */; };
		A74D119626716B18007990D0 /* Assets.xcassets in Resources */ = {isa = PBXBuildFile; fileRef = A74D119526716B18007990D0 /* Assets.xcassets */; };
		A74D119926716B18007990D0 /* Preview Assets.xcassets in Resources */ = {isa = PBXBuildFile; fileRef = A74D119826716B18007990D0 /* Preview Assets.xcassets */; };
		A74D11A426716B18007990D0 /* CoreDataExampleSwiftUITests.swift in Sources */ = {isa = PBXBuildFile; fileRef = A74D11A326716B18007990D0 /* CoreDataExampleSwiftUITests.swift */; };
		A74D11AF26716B18007990D0 /* CoreDataExampleSwiftUIUITests.swift in Sources */ = {isa = PBXBuildFile; fileRef = A74D11AE26716B18007990D0 /* CoreDataExampleSwiftUIUITests.swift */; };
		A74D11C226716BFB007990D0 /* Movies.xcdatamodeld in Sources */ = {isa = PBXBuildFile; fileRef = A74D11C026716BFB007990D0 /* Movies.xcdatamodeld */; };
/* End PBXBuildFile section */

/* Begin PBXContainerItemProxy section */
		A74D11A026716B18007990D0 /* PBXContainerItemProxy */ = {
			isa = PBXContainerItemProxy;
			containerPortal = A74D118626716B17007990D0 /* Project object */;
			proxyType = 1;
			remoteGlobalIDString = A74D118D26716B17007990D0;
			remoteInfo = CoreDataExampleSwiftUI;
		};
		A74D11AB26716B18007990D0 /* PBXContainerItemProxy */ = {
			isa = PBXContainerItemProxy;
			containerPortal = A74D118626716B17007990D0 /* Project object */;
			proxyType = 1;
			remoteGlobalIDString = A74D118D26716B17007990D0;
			remoteInfo = CoreDataExampleSwiftUI;
		};
/* End PBXContainerItemProxy section */

/* Begin PBXFileReference section */
		A74D118E26716B17007990D0 /* CoreDataExampleSwiftUI.app */ = {isa = PBXFileReference; explicitFileType = wrapper.application; includeInIndex = 0; path = CoreDataExampleSwiftUI.app; sourceTree = BUILT_PRODUCTS_DIR; };
		A74D119126716B17007990D0 /* CoreDataExampleSwiftUIApp.swift */ = {isa = PBXFileReference; lastKnownFileType = sourcecode.swift; path = CoreDataExampleSwiftUIApp.swift; sourceTree = "<group>"; };
		A74D119326716B17007990D0 /* ContentView.swift */ = {isa = PBXFileReference; lastKnownFileType = sourcecode.swift; path = ContentView.swift; sourceTree = "<group>"; };
		A74D119526716B18007990D0 /* Assets.xcassets */ = {isa = PBXFileReference; lastKnownFileType = folder.assetcatalog; path = Assets.xcassets; sourceTree = "<group>"; };
		A74D119826716B18007990D0 /* Preview Assets.xcassets */ = {isa = PBXFileReference; lastKnownFileType = folder.assetcatalog; path = "Preview Assets.xcassets"; sourceTree = "<group>"; };
		A74D119A26716B18007990D0 /* Info.plist */ = {isa = PBXFileReference; lastKnownFileType = text.plist.xml; path = Info.plist; sourceTree = "<group>"; };
		A74D119F26716B18007990D0 /* CoreDataExampleSwiftUITests.xctest */ = {isa = PBXFileReference; explicitFileType = wrapper.cfbundle; includeInIndex = 0; path = CoreDataExampleSwiftUITests.xctest; sourceTree = BUILT_PRODUCTS_DIR; };
		A74D11A326716B18007990D0 /* CoreDataExampleSwiftUITests.swift */ = {isa = PBXFileReference; lastKnownFileType = sourcecode.swift; path = CoreDataExampleSwiftUITests.swift; sourceTree = "<group>"; };
		A74D11A526716B18007990D0 /* Info.plist */ = {isa = PBXFileReference; lastKnownFileType = text.plist.xml; path = Info.plist; sourceTree = "<group>"; };
		A74D11AA26716B18007990D0 /* CoreDataExampleSwiftUIUITests.xctest */ = {isa = PBXFileReference; explicitFileType = wrapper.cfbundle; includeInIndex = 0; path = CoreDataExampleSwiftUIUITests.xctest; sourceTree = BUILT_PRODUCTS_DIR; };
		A74D11AE26716B18007990D0 /* CoreDataExampleSwiftUIUITests.swift */ = {isa = PBXFileReference; lastKnownFileType = sourcecode.swift; path = CoreDataExampleSwiftUIUITests.swift; sourceTree = "<group>"; };
		A74D11B026716B18007990D0 /* Info.plist */ = {isa = PBXFileReference; lastKnownFileType = text.plist.xml; path = Info.plist; sourceTree = "<group>"; };
		A74D11C126716BFB007990D0 /* Movies.xcdatamodel */ = {isa = PBXFileReference; lastKnownFileType = wrapper.xcdatamodel; path = Movies.xcdatamodel; sourceTree = "<group>"; };
/* End PBXFileReference section */

/* Begin PBXFrameworksBuildPhase section */
		A74D118B26716B17007990D0 /* Frameworks */ = {
			isa = PBXFrameworksBuildPhase;
			buildActionMask = 2147483647;
			files = (
			);
			runOnlyForDeploymentPostprocessing = 0;
		};
		A74D119C26716B18007990D0 /* Frameworks */ = {
			isa = PBXFrameworksBuildPhase;
			buildActionMask = 2147483647;
			files = (
			);
			runOnlyForDeploymentPostprocessing = 0;
		};
		A74D11A726716B18007990D0 /* Frameworks */ = {
			isa = PBXFrameworksBuildPhase;
			buildActionMask = 2147483647;
			files = (
			);
			runOnlyForDeploymentPostprocessing = 0;
		};
/* End PBXFrameworksBuildPhase section */

/* Begin PBXGroup section */
		A74D118526716B17007990D0 = {
			isa = PBXGroup;
			children = (
				A74D119026716B17007990D0 /* CoreDataExampleSwiftUI */,
				A74D11A226716B18007990D0 /* CoreDataExampleSwiftUITests */,
				A74D11AD26716B18007990D0 /* CoreDataExampleSwiftUIUITests */,
				A74D118F26716B17007990D0 /* Products */,
			);
			sourceTree = "<group>";
		};
		A74D118F26716B17007990D0 /* Products */ = {
			isa = PBXGroup;
			children = (
				A74D118E26716B17007990D0 /* CoreDataExampleSwiftUI.app */,
				A74D119F26716B18007990D0 /* CoreDataExampleSwiftUITests.xctest */,
				A74D11AA26716B18007990D0 /* CoreDataExampleSwiftUIUITests.xctest */,
			);
			name = Products;
			sourceTree = "<group>";
		};
		A74D119026716B17007990D0 /* CoreDataExampleSwiftUI */ = {
			isa = PBXGroup;
			children = (
				A74D11BF26716BE5007990D0 /* data */,
				A74D119126716B17007990D0 /* CoreDataExampleSwiftUIApp.swift */,
				A74D119326716B17007990D0 /* ContentView.swift */,
				A74D119526716B18007990D0 /* Assets.xcassets */,
				A74D119A26716B18007990D0 /* Info.plist */,
				A74D119726716B18007990D0 /* Preview Content */,
			);
			path = CoreDataExampleSwiftUI;
			sourceTree = "<group>";
		};
		A74D119726716B18007990D0 /* Preview Content */ = {
			isa = PBXGroup;
			children = (
				A74D119826716B18007990D0 /* Preview Assets.xcassets */,
			);
			path = "Preview Content";
			sourceTree = "<group>";
		};
		A74D11A226716B18007990D0 /* CoreDataExampleSwiftUITests */ = {
			isa = PBXGroup;
			children = (
				A74D11A326716B18007990D0 /* CoreDataExampleSwiftUITests.swift */,
				A74D11A526716B18007990D0 /* Info.plist */,
			);
			path = CoreDataExampleSwiftUITests;
			sourceTree = "<group>";
		};
		A74D11AD26716B18007990D0 /* CoreDataExampleSwiftUIUITests */ = {
			isa = PBXGroup;
			children = (
				A74D11AE26716B18007990D0 /* CoreDataExampleSwiftUIUITests.swift */,
				A74D11B026716B18007990D0 /* Info.plist */,
			);
			path = CoreDataExampleSwiftUIUITests;
			sourceTree = "<group>";
		};
		A74D11BF26716BE5007990D0 /* data */ = {
			isa = PBXGroup;
			children = (
				A74D11C026716BFB007990D0 /* Movies.xcdatamodeld */,
			);
			path = data;
			sourceTree = "<group>";
		};
/* End PBXGroup section */

/* Begin PBXNativeTarget section */
		A74D118D26716B17007990D0 /* CoreDataExampleSwiftUI */ = {
			isa = PBXNativeTarget;
			buildConfigurationList = A74D11B326716B18007990D0 /* Build configuration list for PBXNativeTarget "CoreDataExampleSwiftUI" */;
			buildPhases = (
				A74D118A26716B17007990D0 /* Sources */,
				A74D118B26716B17007990D0 /* Frameworks */,
				A74D118C26716B17007990D0 /* Resources */,
			);
			buildRules = (
			);
			dependencies = (
			);
			name = CoreDataExampleSwiftUI;
			productName = CoreDataExampleSwiftUI;
			productReference = A74D118E26716B17007990D0 /* CoreDataExampleSwiftUI.app */;
			productType = "com.apple.product-type.application";
		};
		A74D119E26716B18007990D0 /* CoreDataExampleSwiftUITests */ = {
			isa = PBXNativeTarget;
			buildConfigurationList = A74D11B626716B18007990D0 /* Build configuration list for PBXNativeTarget "CoreDataExampleSwiftUITests" */;
			buildPhases = (
				A74D119B26716B18007990D0 /* Sources */,
				A74D119C26716B18007990D0 /* Frameworks */,
				A74D119D26716B18007990D0 /* Resources */,
			);
			buildRules = (
			);
			dependencies = (
				A74D11A126716B18007990D0 /* PBXTargetDependency */,
			);
			name = CoreDataExampleSwiftUITests;
			productName = CoreDataExampleSwiftUITests;
			productReference = A74D119F26716B18007990D0 /* CoreDataExampleSwiftUITests.xctest */;
			productType = "com.apple.product-type.bundle.unit-test";
		};
		A74D11A926716B18007990D0 /* CoreDataExampleSwiftUIUITests */ = {
			isa = PBXNativeTarget;
			buildConfigurationList = A74D11B926716B18007990D0 /* Build configuration list for PBXNativeTarget "CoreDataExampleSwiftUIUITests" */;
			buildPhases = (
				A74D11A626716B18007990D0 /* Sources */,
				A74D11A726716B18007990D0 /* Frameworks */,
				A74D11A826716B18007990D0 /* Resources */,
			);
			buildRules = (
			);
			dependencies = (
				A74D11AC26716B18007990D0 /* PBXTargetDependency */,
			);
			name = CoreDataExampleSwiftUIUITests;
			productName = CoreDataExampleSwiftUIUITests;
			productReference = A74D11AA26716B18007990D0 /* CoreDataExampleSwiftUIUITests.xctest */;
			productType = "com.apple.product-type.bundle.ui-testing";
		};
/* End PBXNativeTarget section */

/* Begin PBXProject section */
		A74D118626716B17007990D0 /* Project object */ = {
			isa = PBXProject;
			attributes = {
				LastSwiftUpdateCheck = 1230;
				LastUpgradeCheck = 1230;
				TargetAttributes = {
					A74D118D26716B17007990D0 = {
						CreatedOnToolsVersion = 12.3;
					};
					A74D119E26716B18007990D0 = {
						CreatedOnToolsVersion = 12.3;
						TestTargetID = A74D118D26716B17007990D0;
					};
					A74D11A926716B18007990D0 = {
						CreatedOnToolsVersion = 12.3;
						TestTargetID = A74D118D26716B17007990D0;
					};
				};
			};
			buildConfigurationList = A74D118926716B17007990D0 /* Build configuration list for PBXProject "CoreDataExampleSwiftUI" */;
			compatibilityVersion = "Xcode 9.3";
			developmentRegion = en;
			hasScannedForEncodings = 0;
			knownRegions = (
				en,
				Base,
			);
			mainGroup = A74D118526716B17007990D0;
			productRefGroup = A74D118F26716B17007990D0 /* Products */;
			projectDirPath = "";
			projectRoot = "";
			targets = (
				A74D118D26716B17007990D0 /* CoreDataExampleSwiftUI */,
				A74D119E26716B18007990D0 /* CoreDataExampleSwiftUITests */,
				A74D11A926716B18007990D0 /* CoreDataExampleSwiftUIUITests */,
			);
		};
/* End PBXProject section */

/* Begin PBXResourcesBuildPhase section */
		A74D118C26716B17007990D0 /* Resources */ = {
			isa = PBXResourcesBuildPhase;
			buildActionMask = 2147483647;
			files = (
				A74D119926716B18007990D0 /* Preview Assets.xcassets in Resources */,
				A74D119626716B18007990D0 /* Assets.xcassets in Resources */,
			);
			runOnlyForDeploymentPostprocessing = 0;
		};
		A74D119D26716B18007990D0 /* Resources */ = {
			isa = PBXResourcesBuildPhase;
			buildActionMask = 2147483647;
			files = (
			);
			runOnlyForDeploymentPostprocessing = 0;
		};
		A74D11A826716B18007990D0 /* Resources */ = {
			isa = PBXResourcesBuildPhase;
			buildActionMask = 2147483647;
			files = (
			);
			runOnlyForDeploymentPostprocessing = 0;
		};
/* End PBXResourcesBuildPhase section */

/* Begin PBXSourcesBuildPhase section */
		A74D118A26716B17007990D0 /* Sources */ = {
			isa = PBXSourcesBuildPhase;
			buildActionMask = 2147483647;
			files = (
				A74D119426716B17007990D0 /* ContentView.swift in Sources */,
				A74D11C226716BFB007990D0 /* Movies.xcdatamodeld in Sources */,
				A74D119226716B17007990D0 /* CoreDataExampleSwiftUIApp.swift in Sources */,
			);
			runOnlyForDeploymentPostprocessing = 0;
		};
		A74D119B26716B18007990D0 /* Sources */ = {
			isa = PBXSourcesBuildPhase;
			buildActionMask = 2147483647;
			files = (
				A74D11A426716B18007990D0 /* CoreDataExampleSwiftUITests.swift in Sources */,
			);
			runOnlyForDeploymentPostprocessing = 0;
		};
		A74D11A626716B18007990D0 /* Sources */ = {
			isa = PBXSourcesBuildPhase;
			buildActionMask = 2147483647;
			files = (
				A74D11AF26716B18007990D0 /* CoreDataExampleSwiftUIUITests.swift in Sources */,
			);
			runOnlyForDeploymentPostprocessing = 0;
		};
/* End PBXSourcesBuildPhase section */

/* Begin PBXTargetDependency section */
		A74D11A126716B18007990D0 /* PBXTargetDependency */ = {
			isa = PBXTargetDependency;
			target = A74D118D26716B17007990D0 /* CoreDataExampleSwiftUI */;
			targetProxy = A74D11A026716B18007990D0 /* PBXContainerItemProxy */;
		};
		A74D11AC26716B18007990D0 /* PBXTargetDependency */ = {
			isa = PBXTargetDependency;
			target = A74D118D26716B17007990D0 /* CoreDataExampleSwiftUI */;
			targetProxy = A74D11AB26716B18007990D0 /* PBXContainerItemProxy */;
		};
/* End PBXTargetDependency section */

/* Begin XCBuildConfiguration section */
		A74D11B126716B18007990D0 /* Debug */ = {
			isa = XCBuildConfiguration;
			buildSettings = {
				ALWAYS_SEARCH_USER_PATHS = NO;
				CLANG_ANALYZER_NONNULL = YES;
				CLANG_ANALYZER_NUMBER_OBJECT_CONVERSION = YES_AGGRESSIVE;
				CLANG_CXX_LANGUAGE_STANDARD = "gnu++14";
				CLANG_CXX_LIBRARY = "libc++";
				CLANG_ENABLE_MODULES = YES;
				CLANG_ENABLE_OBJC_ARC = YES;
				CLANG_ENABLE_OBJC_WEAK = YES;
				CLANG_WARN_BLOCK_CAPTURE_AUTORELEASING = YES;
				CLANG_WARN_BOOL_CONVERSION = YES;
				CLANG_WARN_COMMA = YES;
				CLANG_WARN_CONSTANT_CONVERSION = YES;
				CLANG_WARN_DEPRECATED_OBJC_IMPLEMENTATIONS = YES;
				CLANG_WARN_DIRECT_OBJC_ISA_USAGE = YES_ERROR;
				CLANG_WARN_DOCUMENTATION_COMMENTS = YES;
				CLANG_WARN_EMPTY_BODY = YES;
				CLANG_WARN_ENUM_CONVERSION = YES;
				CLANG_WARN_INFINITE_RECURSION = YES;
				CLANG_WARN_INT_CONVERSION = YES;
				CLANG_WARN_NON_LITERAL_NULL_CONVERSION = YES;
				CLANG_WARN_OBJC_IMPLICIT_RETAIN_SELF = YES;
				CLANG_WARN_OBJC_LITERAL_CONVERSION = YES;
				CLANG_WARN_OBJC_ROOT_CLASS = YES_ERROR;
				CLANG_WARN_QUOTED_INCLUDE_IN_FRAMEWORK_HEADER = YES;
				CLANG_WARN_RANGE_LOOP_ANALYSIS = YES;
				CLANG_WARN_STRICT_PROTOTYPES = YES;
				CLANG_WARN_SUSPICIOUS_MOVE = YES;
				CLANG_WARN_UNGUARDED_AVAILABILITY = YES_AGGRESSIVE;
				CLANG_WARN_UNREACHABLE_CODE = YES;
				CLANG_WARN__DUPLICATE_METHOD_MATCH = YES;
				COPY_PHASE_STRIP = NO;
				DEBUG_INFORMATION_FORMAT = dwarf;
				ENABLE_STRICT_OBJC_MSGSEND = YES;
				ENABLE_TESTABILITY = YES;
				GCC_C_LANGUAGE_STANDARD = gnu11;
				GCC_DYNAMIC_NO_PIC = NO;
				GCC_NO_COMMON_BLOCKS = YES;
				GCC_OPTIMIZATION_LEVEL = 0;
				GCC_PREPROCESSOR_DEFINITIONS = (
					"DEBUG=1",
					"$(inherited)",
				);
				GCC_WARN_64_TO_32_BIT_CONVERSION = YES;
				GCC_WARN_ABOUT_RETURN_TYPE = YES_ERROR;
				GCC_WARN_UNDECLARED_SELECTOR = YES;
				GCC_WARN_UNINITIALIZED_AUTOS = YES_AGGRESSIVE;
				GCC_WARN_UNUSED_FUNCTION = YES;
				GCC_WARN_UNUSED_VARIABLE = YES;
				IPHONEOS_DEPLOYMENT_TARGET = 14.3;
				MTL_ENABLE_DEBUG_INFO = INCLUDE_SOURCE;
				MTL_FAST_MATH = YES;
				ONLY_ACTIVE_ARCH = YES;
				SDKROOT = iphoneos;
				SWIFT_ACTIVE_COMPILATION_CONDITIONS = DEBUG;
				SWIFT_OPTIMIZATION_LEVEL = "-Onone";
			};
			name = Debug;
		};
		A74D11B226716B18007990D0 /* Release */ = {
			isa = XCBuildConfiguration;
			buildSettings = {
				ALWAYS_SEARCH_USER_PATHS = NO;
				CLANG_ANALYZER_NONNULL = YES;
				CLANG_ANALYZER_NUMBER_OBJECT_CONVERSION = YES_AGGRESSIVE;
				CLANG_CXX_LANGUAGE_STANDARD = "gnu++14";
				CLANG_CXX_LIBRARY = "libc++";
				CLANG_ENABLE_MODULES = YES;
				CLANG_ENABLE_OBJC_ARC = YES;
				CLANG_ENABLE_OBJC_WEAK = YES;
				CLANG_WARN_BLOCK_CAPTURE_AUTORELEASING = YES;
				CLANG_WARN_BOOL_CONVERSION = YES;
				CLANG_WARN_COMMA = YES;
				CLANG_WARN_CONSTANT_CONVERSION = YES;
				CLANG_WARN_DEPRECATED_OBJC_IMPLEMENTATIONS = YES;
				CLANG_WARN_DIRECT_OBJC_ISA_USAGE = YES_ERROR;
				CLANG_WARN_DOCUMENTATION_COMMENTS = YES;
				CLANG_WARN_EMPTY_BODY = YES;
				CLANG_WARN_ENUM_CONVERSION = YES;
				CLANG_WARN_INFINITE_RECURSION = YES;
				CLANG_WARN_INT_CONVERSION = YES;
				CLANG_WARN_NON_LITERAL_NULL_CONVERSION = YES;
				CLANG_WARN_OBJC_IMPLICIT_RETAIN_SELF = YES;
				CLANG_WARN_OBJC_LITERAL_CONVERSION = YES;
				CLANG_WARN_OBJC_ROOT_CLASS = YES_ERROR;
				CLANG_WARN_QUOTED_INCLUDE_IN_FRAMEWORK_HEADER = YES;
				CLANG_WARN_RANGE_LOOP_ANALYSIS = YES;
				CLANG_WARN_STRICT_PROTOTYPES = YES;
				CLANG_WARN_SUSPICIOUS_MOVE = YES;
				CLANG_WARN_UNGUARDED_AVAILABILITY = YES_AGGRESSIVE;
				CLANG_WARN_UNREACHABLE_CODE = YES;
				CLANG_WARN__DUPLICATE_METHOD_MATCH = YES;
				COPY_PHASE_STRIP = NO;
				DEBUG_INFORMATION_FORMAT = "dwarf-with-dsym";
				ENABLE_NS_ASSERTIONS = NO;
				ENABLE_STRICT_OBJC_MSGSEND = YES;
				GCC_C_LANGUAGE_STANDARD = gnu11;
				GCC_NO_COMMON_BLOCKS = YES;
				GCC_WARN_64_TO_32_BIT_CONVERSION = YES;
				GCC_WARN_ABOUT_RETURN_TYPE = YES_ERROR;
				GCC_WARN_UNDECLARED_SELECTOR = YES;
				GCC_WARN_UNINITIALIZED_AUTOS = YES_AGGRESSIVE;
				GCC_WARN_UNUSED_FUNCTION = YES;
				GCC_WARN_UNUSED_VARIABLE = YES;
				IPHONEOS_DEPLOYMENT_TARGET = 14.3;
				MTL_ENABLE_DEBUG_INFO = NO;
				MTL_FAST_MATH = YES;
				SDKROOT = iphoneos;
				SWIFT_COMPILATION_MODE = wholemodule;
				SWIFT_OPTIMIZATION_LEVEL = "-O";
				VALIDATE_PRODUCT = YES;
			};
			name = Release;
		};
		A74D11B426716B18007990D0 /* Debug */ = {
			isa = XCBuildConfiguration;
			buildSettings = {
				ASSETCATALOG_COMPILER_APPICON_NAME = AppIcon;
				ASSETCATALOG_COMPILER_GLOBAL_ACCENT_COLOR_NAME = AccentColor;
				CODE_SIGN_STYLE = Automatic;
				DEVELOPMENT_ASSET_PATHS = "\"CoreDataExampleSwiftUI/Preview Content\"";
				DEVELOPMENT_TEAM = 9RLGBQ3WN4;
				ENABLE_PREVIEWS = YES;
				INFOPLIST_FILE = CoreDataExampleSwiftUI/Info.plist;
				IPHONEOS_DEPLOYMENT_TARGET = 14.0;
				LD_RUNPATH_SEARCH_PATHS = (
					"$(inherited)",
					"@executable_path/Frameworks",
				);
				PRODUCT_BUNDLE_IDENTIFIER = com.app.egudino.swiftui.coredata.CoreDataExampleSwiftUI;
				PRODUCT_NAME = "$(TARGET_NAME)";
				SWIFT_VERSION = 5.0;
				TARGETED_DEVICE_FAMILY = "1,2";
			};
			name = Debug;
		};
		A74D11B526716B18007990D0 /* Release */ = {
			isa = XCBuildConfiguration;
			buildSettings = {
				ASSETCATALOG_COMPILER_APPICON_NAME = AppIcon;
				ASSETCATALOG_COMPILER_GLOBAL_ACCENT_COLOR_NAME = AccentColor;
				CODE_SIGN_STYLE = Automatic;
				DEVELOPMENT_ASSET_PATHS = "\"CoreDataExampleSwiftUI/Preview Content\"";
				DEVELOPMENT_TEAM = 9RLGBQ3WN4;
				ENABLE_PREVIEWS = YES;
				INFOPLIST_FILE = CoreDataExampleSwiftUI/Info.plist;
				IPHONEOS_DEPLOYMENT_TARGET = 14.0;
				LD_RUNPATH_SEARCH_PATHS = (
					"$(inherited)",
					"@executable_path/Frameworks",
				);
				PRODUCT_BUNDLE_IDENTIFIER = com.app.egudino.swiftui.coredata.CoreDataExampleSwiftUI;
				PRODUCT_NAME = "$(TARGET_NAME)";
				SWIFT_VERSION = 5.0;
				TARGETED_DEVICE_FAMILY = "1,2";
			};
			name = Release;
		};
		A74D11B726716B18007990D0 /* Debug */ = {
			isa = XCBuildConfiguration;
			buildSettings = {
				ALWAYS_EMBED_SWIFT_STANDARD_LIBRARIES = YES;
				BUNDLE_LOADER = "$(TEST_HOST)";
				CODE_SIGN_STYLE = Automatic;
				DEVELOPMENT_TEAM = 9RLGBQ3WN4;
				INFOPLIST_FILE = CoreDataExampleSwiftUITests/Info.plist;
				IPHONEOS_DEPLOYMENT_TARGET = 14.0;
				LD_RUNPATH_SEARCH_PATHS = (
					"$(inherited)",
					"@executable_path/Frameworks",
					"@loader_path/Frameworks",
				);
				PRODUCT_BUNDLE_IDENTIFIER = com.app.egudino.swiftui.coredata.CoreDataExampleSwiftUITests;
				PRODUCT_NAME = "$(TARGET_NAME)";
				SWIFT_VERSION = 5.0;
				TARGETED_DEVICE_FAMILY = "1,2";
				TEST_HOST = "$(BUILT_PRODUCTS_DIR)/CoreDataExampleSwiftUI.app/CoreDataExampleSwiftUI";
			};
			name = Debug;
		};
		A74D11B826716B18007990D0 /* Release */ = {
			isa = XCBuildConfiguration;
			buildSettings = {
				ALWAYS_EMBED_SWIFT_STANDARD_LIBRARIES = YES;
				BUNDLE_LOADER = "$(TEST_HOST)";
				CODE_SIGN_STYLE = Automatic;
				DEVELOPMENT_TEAM = 9RLGBQ3WN4;
				INFOPLIST_FILE = CoreDataExampleSwiftUITests/Info.plist;
				IPHONEOS_DEPLOYMENT_TARGET = 14.0;
				LD_RUNPATH_SEARCH_PATHS = (
					"$(inherited)",
					"@executable_path/Frameworks",
					"@loader_path/Frameworks",
				);
				PRODUCT_BUNDLE_IDENTIFIER = com.app.egudino.swiftui.coredata.CoreDataExampleSwiftUITests;
				PRODUCT_NAME = "$(TARGET_NAME)";
				SWIFT_VERSION = 5.0;
				TARGETED_DEVICE_FAMILY = "1,2";
				TEST_HOST = "$(BUILT_PRODUCTS_DIR)/CoreDataExampleSwiftUI.app/CoreDataExampleSwiftUI";
			};
			name = Release;
		};
		A74D11BA26716B18007990D0 /* Debug */ = {
			isa = XCBuildConfiguration;
			buildSettings = {
				ALWAYS_EMBED_SWIFT_STANDARD_LIBRARIES = YES;
				CODE_SIGN_STYLE = Automatic;
				DEVELOPMENT_TEAM = 9RLGBQ3WN4;
				INFOPLIST_FILE = CoreDataExampleSwiftUIUITests/Info.plist;
				LD_RUNPATH_SEARCH_PATHS = (
					"$(inherited)",
					"@executable_path/Frameworks",
					"@loader_path/Frameworks",
				);
				PRODUCT_BUNDLE_IDENTIFIER = com.app.egudino.swiftui.coredata.CoreDataExampleSwiftUIUITests;
				PRODUCT_NAME = "$(TARGET_NAME)";
				SWIFT_VERSION = 5.0;
				TARGETED_DEVICE_FAMILY = "1,2";
				TEST_TARGET_NAME = CoreDataExampleSwiftUI;
			};
			name = Debug;
		};
		A74D11BB26716B18007990D0 /* Release */ = {
			isa = XCBuildConfiguration;
			buildSettings = {
				ALWAYS_EMBED_SWIFT_STANDARD_LIBRARIES = YES;
				CODE_SIGN_STYLE = Automatic;
				DEVELOPMENT_TEAM = 9RLGBQ3WN4;
				INFOPLIST_FILE = CoreDataExampleSwiftUIUITests/Info.plist;
				LD_RUNPATH_SEARCH_PATHS = (
					"$(inherited)",
					"@executable_path/Frameworks",
					"@loader_path/Frameworks",
				);
				PRODUCT_BUNDLE_IDENTIFIER = com.app.egudino.swiftui.coredata.CoreDataExampleSwiftUIUITests;
				PRODUCT_NAME = "$(TARGET_NAME)";
				SWIFT_VERSION = 5.0;
				TARGETED_DEVICE_FAMILY = "1,2";
				TEST_TARGET_NAME = CoreDataExampleSwiftUI;
			};
			name = Release;
		};
/* End XCBuildConfiguration section */

/* Begin XCConfigurationList section */
		A74D118926716B17007990D0 /* Build configuration list for PBXProject "CoreDataExampleSwiftUI" */ = {
			isa = XCConfigurationList;
			buildConfigurations = (
				A74D11B126716B18007990D0 /* Debug */,
				A74D11B226716B18007990D0 /* Release */,
			);
			defaultConfigurationIsVisible = 0;
			defaultConfigurationName = Release;
		};
		A74D11B326716B18007990D0 /* Build configuration list for PBXNativeTarget "CoreDataExampleSwiftUI" */ = {
			isa = XCConfigurationList;
			buildConfigurations = (
				A74D11B426716B18007990D0 /* Debug */,
				A74D11B526716B18007990D0 /* Release */,
			);
			defaultConfigurationIsVisible = 0;
			defaultConfigurationName = Release;
		};
		A74D11B626716B18007990D0 /* Build configuration list for PBXNativeTarget "CoreDataExampleSwiftUITests" */ = {
			isa = XCConfigurationList;
			buildConfigurations = (
				A74D11B726716B18007990D0 /* Debug */,
				A74D11B826716B18007990D0 /* Release */,
			);
			defaultConfigurationIsVisible = 0;
			defaultConfigurationName = Release;
		};
		A74D11B926716B18007990D0 /* Build configuration list for PBXNativeTarget "CoreDataExampleSwiftUIUITests" */ = {
			isa = XCConfigurationList;
			buildConfigurations = (
				A74D11BA26716B18007990D0 /* Debug */,
				A74D11BB26716B18007990D0 /* Release */,
			);
			defaultConfigurationIsVisible = 0;
			defaultConfigurationName = Release;
		};
/* End XCConfigurationList section */

/* Begin XCVersionGroup section */
		A74D11C026716BFB007990D0 /* Movies.xcdatamodeld */ = {
			isa = XCVersionGroup;
			children = (
				A74D11C126716BFB007990D0 /* Movies.xcdatamodel */,
			);
			currentVersion = A74D11C126716BFB007990D0 /* Movies.xcdatamodel */;
			path = Movies.xcdatamodeld;
			sourceTree = "<group>";
			versionGroupType = wrapper.xcdatamodel;
		};
/* End XCVersionGroup section */
	};
	rootObject = A74D118626716B17007990D0 /* Project object */;
}
